
Microsoft Visual Studio Solution File, Format Version 12.00
# Visual Studio Version 17
VisualStudioVersion = 17.5.002.0
MinimumVisualStudioVersion = 10.0.40219.1
Project("{9A19103F-16F7-4668-BE54-9A1E7A4F7556}") = "FamilyBudget", "Backend\UI\FamilyBudgetUI.csproj", "{422CAD0E-0C18-4595-9781-5858B9DD2735}"
EndProject
Project("{FAE04EC0-301F-11D3-BF4B-00C04F79EFBC}") = "FamilyBudget.Tests", "Backend\Tests\FamilyBudget.Application.Tests\FamilyBudget.Application.Tests.csproj", "{845C2CB0-3394-4A81-8168-E0456421A89F}"
EndProject
Project("{2150E333-8FDC-42A3-9474-1A3956D46DE8}") = "Backend", "Backend", "{99A535AB-E1D0-436B-B72C-143A073CDCEA}"
EndProject
Project("{FAE04EC0-301F-11D3-BF4B-00C04F79EFBC}") = "FamilyBudgetApplication", "Backend\Application\FamilyBudgetApplication.csproj", "{2CF90319-1ACD-474C-BEC4-17DDFDFE0773}"
EndProject
Project("{FAE04EC0-301F-11D3-BF4B-00C04F79EFBC}") = "FamilyBudgetDomain", "Backend\Domain\FamilyBudgetDomain.csproj", "{09D6D438-EFF3-45A9-BA4E-44EF5865DD08}"
EndProject
Project("{FAE04EC0-301F-11D3-BF4B-00C04F79EFBC}") = "FamilyBudgetInfrastructure", "Backend\Infrastructure\FamilyBudgetInfrastructure.csproj", "{F7CAA01D-3E8B-4E16-AF30-B0A87DDBBC81}"
EndProject
Global
	GlobalSection(SolutionConfigurationPlatforms) = preSolution
		Debug|Any CPU = Debug|Any CPU
		Release|Any CPU = Release|Any CPU
	EndGlobalSection
	GlobalSection(ProjectConfigurationPlatforms) = postSolution
		{422CAD0E-0C18-4595-9781-5858B9DD2735}.Debug|Any CPU.ActiveCfg = Debug|Any CPU
		{422CAD0E-0C18-4595-9781-5858B9DD2735}.Debug|Any CPU.Build.0 = Debug|Any CPU
		{422CAD0E-0C18-4595-9781-5858B9DD2735}.Release|Any CPU.ActiveCfg = Release|Any CPU
		{422CAD0E-0C18-4595-9781-5858B9DD2735}.Release|Any CPU.Build.0 = Release|Any CPU
		{845C2CB0-3394-4A81-8168-E0456421A89F}.Debug|Any CPU.ActiveCfg = Debug|Any CPU
		{845C2CB0-3394-4A81-8168-E0456421A89F}.Debug|Any CPU.Build.0 = Debug|Any CPU
		{845C2CB0-3394-4A81-8168-E0456421A89F}.Release|Any CPU.ActiveCfg = Release|Any CPU
		{845C2CB0-3394-4A81-8168-E0456421A89F}.Release|Any CPU.Build.0 = Release|Any CPU
		{2CF90319-1ACD-474C-BEC4-17DDFDFE0773}.Debug|Any CPU.ActiveCfg = Debug|Any CPU
		{2CF90319-1ACD-474C-BEC4-17DDFDFE0773}.Debug|Any CPU.Build.0 = Debug|Any CPU
		{2CF90319-1ACD-474C-BEC4-17DDFDFE0773}.Release|Any CPU.ActiveCfg = Release|Any CPU
		{2CF90319-1ACD-474C-BEC4-17DDFDFE0773}.Release|Any CPU.Build.0 = Release|Any CPU
		{09D6D438-EFF3-45A9-BA4E-44EF5865DD08}.Debug|Any CPU.ActiveCfg = Debug|Any CPU
		{09D6D438-EFF3-45A9-BA4E-44EF5865DD08}.Debug|Any CPU.Build.0 = Debug|Any CPU
		{09D6D438-EFF3-45A9-BA4E-44EF5865DD08}.Release|Any CPU.ActiveCfg = Release|Any CPU
		{09D6D438-EFF3-45A9-BA4E-44EF5865DD08}.Release|Any CPU.Build.0 = Release|Any CPU
		{F7CAA01D-3E8B-4E16-AF30-B0A87DDBBC81}.Debug|Any CPU.ActiveCfg = Debug|Any CPU
		{F7CAA01D-3E8B-4E16-AF30-B0A87DDBBC81}.Debug|Any CPU.Build.0 = Debug|Any CPU
		{F7CAA01D-3E8B-4E16-AF30-B0A87DDBBC81}.Release|Any CPU.ActiveCfg = Release|Any CPU
		{F7CAA01D-3E8B-4E16-AF30-B0A87DDBBC81}.Release|Any CPU.Build.0 = Release|Any CPU
	EndGlobalSection
	GlobalSection(SolutionProperties) = preSolution
		HideSolutionNode = FALSE
	EndGlobalSection
	GlobalSection(ExtensibilityGlobals) = postSolution
		SolutionGuid = {5F3EDD07-1613-41BB-98A2-979B4EB55A1C}
	EndGlobalSection
	GlobalSection(NestedProjects) = preSolution
		{2CF90319-1ACD-474C-BEC4-17DDFDFE0773} = {99A535AB-E1D0-436B-B72C-143A073CDCEA}
		{09D6D438-EFF3-45A9-BA4E-44EF5865DD08} = {99A535AB-E1D0-436B-B72C-143A073CDCEA}
		{F7CAA01D-3E8B-4E16-AF30-B0A87DDBBC81} = {99A535AB-E1D0-436B-B72C-143A073CDCEA}
	EndGlobalSection
EndGlobal
